
Microsoft Visual Studio Solution File, Format Version 12.00
Project("{FAE04EC0-301F-11D3-BF4B-00C04F79EFBC}") = "LoginSystem", "LoginSystem\LoginSystem\LoginSystem.csproj", "{05C9AEAD-5A76-4108-AC14-60765DB654E3}"
EndProject
Project("{FAE04EC0-301F-11D3-BF4B-00C04F79EFBC}") = "LoginSystem.Android", "LoginSystem\LoginSystem.Android\LoginSystem.Android.csproj", "{32DAF36D-7B3C-423F-ACAB-4D92CA3F5171}"
EndProject
Project("{FAE04EC0-301F-11D3-BF4B-00C04F79EFBC}") = "LoginSystem.iOS", "LoginSystem\LoginSystem.iOS\LoginSystem.iOS.csproj", "{88D6709B-A960-4C8B-BFF0-96E29A0C97E6}"
EndProject
Global
	GlobalSection(SolutionConfigurationPlatforms) = preSolution
		Ad-Hoc|iPhone = Ad-Hoc|iPhone
		AppStore|iPhone = AppStore|iPhone
		Debug|Any CPU = Debug|Any CPU
		Debug|iPhone = Debug|iPhone
		Debug|iPhoneSimulator = Debug|iPhoneSimulator
		Release|Any CPU = Release|Any CPU
		Release|iPhone = Release|iPhone
		Release|iPhoneSimulator = Release|iPhoneSimulator
	EndGlobalSection
	GlobalSection(ProjectConfigurationPlatforms) = postSolution
		{05C9AEAD-5A76-4108-AC14-60765DB654E3}.Ad-Hoc|iPhone.ActiveCfg = Debug|Any CPU
		{05C9AEAD-5A76-4108-AC14-60765DB654E3}.Ad-Hoc|iPhone.Build.0 = Debug|Any CPU
		{05C9AEAD-5A76-4108-AC14-60765DB654E3}.AppStore|iPhone.ActiveCfg = Debug|Any CPU
		{05C9AEAD-5A76-4108-AC14-60765DB654E3}.AppStore|iPhone.Build.0 = Debug|Any CPU
		{05C9AEAD-5A76-4108-AC14-60765DB654E3}.Debug|Any CPU.ActiveCfg = Debug|Any CPU
		{05C9AEAD-5A76-4108-AC14-60765DB654E3}.Debug|Any CPU.Build.0 = Debug|Any CPU
		{05C9AEAD-5A76-4108-AC14-60765DB654E3}.Debug|iPhone.ActiveCfg = Debug|Any CPU
		{05C9AEAD-5A76-4108-AC14-60765DB654E3}.Debug|iPhone.Build.0 = Debug|Any CPU
		{05C9AEAD-5A76-4108-AC14-60765DB654E3}.Debug|iPhoneSimulator.ActiveCfg = Debug|Any CPU
		{05C9AEAD-5A76-4108-AC14-60765DB654E3}.Debug|iPhoneSimulator.Build.0 = Debug|Any CPU
		{05C9AEAD-5A76-4108-AC14-60765DB654E3}.Release|Any CPU.ActiveCfg = Release|Any CPU
		{05C9AEAD-5A76-4108-AC14-60765DB654E3}.Release|Any CPU.Build.0 = Release|Any CPU
		{05C9AEAD-5A76-4108-AC14-60765DB654E3}.Release|iPhone.ActiveCfg = Release|Any CPU
		{05C9AEAD-5A76-4108-AC14-60765DB654E3}.Release|iPhone.Build.0 = Release|Any CPU
		{05C9AEAD-5A76-4108-AC14-60765DB654E3}.Release|iPhoneSimulator.ActiveCfg = Release|Any CPU
		{05C9AEAD-5A76-4108-AC14-60765DB654E3}.Release|iPhoneSimulator.Build.0 = Release|Any CPU
		{32DAF36D-7B3C-423F-ACAB-4D92CA3F5171}.Ad-Hoc|iPhone.ActiveCfg = Debug|Any CPU
		{32DAF36D-7B3C-423F-ACAB-4D92CA3F5171}.Ad-Hoc|iPhone.Build.0 = Debug|Any CPU
		{32DAF36D-7B3C-423F-ACAB-4D92CA3F5171}.Ad-Hoc|iPhone.Deploy.0 = Debug|Any CPU
		{32DAF36D-7B3C-423F-ACAB-4D92CA3F5171}.AppStore|iPhone.ActiveCfg = Debug|Any CPU
		{32DAF36D-7B3C-423F-ACAB-4D92CA3F5171}.AppStore|iPhone.Build.0 = Debug|Any CPU
		{32DAF36D-7B3C-423F-ACAB-4D92CA3F5171}.AppStore|iPhone.Deploy.0 = Debug|Any CPU
		{32DAF36D-7B3C-423F-ACAB-4D92CA3F5171}.Debug|Any CPU.ActiveCfg = Debug|Any CPU
		{32DAF36D-7B3C-423F-ACAB-4D92CA3F5171}.Debug|Any CPU.Build.0 = Debug|Any CPU
		{32DAF36D-7B3C-423F-ACAB-4D92CA3F5171}.Debug|Any CPU.Deploy.0 = Debug|Any CPU
		{32DAF36D-7B3C-423F-ACAB-4D92CA3F5171}.Debug|iPhone.ActiveCfg = Debug|Any CPU
		{32DAF36D-7B3C-423F-ACAB-4D92CA3F5171}.Debug|iPhone.Build.0 = Debug|Any CPU
		{32DAF36D-7B3C-423F-ACAB-4D92CA3F5171}.Debug|iPhone.Deploy.0 = Debug|Any CPU
		{32DAF36D-7B3C-423F-ACAB-4D92CA3F5171}.Debug|iPhoneSimulator.ActiveCfg = Debug|Any CPU
		{32DAF36D-7B3C-423F-ACAB-4D92CA3F5171}.Debug|iPhoneSimulator.Build.0 = Debug|Any CPU
		{32DAF36D-7B3C-423F-ACAB-4D92CA3F5171}.Debug|iPhoneSimulator.Deploy.0 = Debug|Any CPU
		{32DAF36D-7B3C-423F-ACAB-4D92CA3F5171}.Release|Any CPU.ActiveCfg = Release|Any CPU
		{32DAF36D-7B3C-423F-ACAB-4D92CA3F5171}.Release|Any CPU.Build.0 = Release|Any CPU
		{32DAF36D-7B3C-423F-ACAB-4D92CA3F5171}.Release|Any CPU.Deploy.0 = Release|Any CPU
		{32DAF36D-7B3C-423F-ACAB-4D92CA3F5171}.Release|iPhone.ActiveCfg = Release|Any CPU
		{32DAF36D-7B3C-423F-ACAB-4D92CA3F5171}.Release|iPhone.Build.0 = Release|Any CPU
		{32DAF36D-7B3C-423F-ACAB-4D92CA3F5171}.Release|iPhone.Deploy.0 = Release|Any CPU
		{32DAF36D-7B3C-423F-ACAB-4D92CA3F5171}.Release|iPhoneSimulator.ActiveCfg = Release|Any CPU
		{32DAF36D-7B3C-423F-ACAB-4D92CA3F5171}.Release|iPhoneSimulator.Build.0 = Release|Any CPU
		{32DAF36D-7B3C-423F-ACAB-4D92CA3F5171}.Release|iPhoneSimulator.Deploy.0 = Release|Any CPU
		{88D6709B-A960-4C8B-BFF0-96E29A0C97E6}.Ad-Hoc|iPhone.ActiveCfg = Ad-Hoc|iPhone
		{88D6709B-A960-4C8B-BFF0-96E29A0C97E6}.Ad-Hoc|iPhone.Build.0 = Ad-Hoc|iPhone
		{88D6709B-A960-4C8B-BFF0-96E29A0C97E6}.Ad-Hoc|iPhone.Deploy.0 = Ad-Hoc|iPhone
		{88D6709B-A960-4C8B-BFF0-96E29A0C97E6}.AppStore|iPhone.ActiveCfg = AppStore|iPhone
		{88D6709B-A960-4C8B-BFF0-96E29A0C97E6}.AppStore|iPhone.Build.0 = AppStore|iPhone
		{88D6709B-A960-4C8B-BFF0-96E29A0C97E6}.AppStore|iPhone.Deploy.0 = AppStore|iPhone
		{88D6709B-A960-4C8B-BFF0-96E29A0C97E6}.Debug|Any CPU.ActiveCfg = Debug|iPhoneSimulator
		{88D6709B-A960-4C8B-BFF0-96E29A0C97E6}.Debug|Any CPU.Build.0 = Debug|iPhoneSimulator
		{88D6709B-A960-4C8B-BFF0-96E29A0C97E6}.Debug|Any CPU.Deploy.0 = Debug|iPhoneSimulator
		{88D6709B-A960-4C8B-BFF0-96E29A0C97E6}.Debug|iPhone.ActiveCfg = Debug|iPhone
		{88D6709B-A960-4C8B-BFF0-96E29A0C97E6}.Debug|iPhone.Build.0 = Debug|iPhone
		{88D6709B-A960-4C8B-BFF0-96E29A0C97E6}.Debug|iPhone.Deploy.0 = Debug|iPhone
		{88D6709B-A960-4C8B-BFF0-96E29A0C97E6}.Debug|iPhoneSimulator.ActiveCfg = Debug|iPhoneSimulator
		{88D6709B-A960-4C8B-BFF0-96E29A0C97E6}.Debug|iPhoneSimulator.Build.0 = Debug|iPhoneSimulator
		{88D6709B-A960-4C8B-BFF0-96E29A0C97E6}.Debug|iPhoneSimulator.Deploy.0 = Debug|iPhoneSimulator
		{88D6709B-A960-4C8B-BFF0-96E29A0C97E6}.Release|Any CPU.ActiveCfg = Release|iPhoneSimulator
		{88D6709B-A960-4C8B-BFF0-96E29A0C97E6}.Release|Any CPU.Build.0 = Release|iPhoneSimulator
		{88D6709B-A960-4C8B-BFF0-96E29A0C97E6}.Release|Any CPU.Deploy.0 = Release|iPhoneSimulator
		{88D6709B-A960-4C8B-BFF0-96E29A0C97E6}.Release|iPhone.ActiveCfg = Release|iPhone
		{88D6709B-A960-4C8B-BFF0-96E29A0C97E6}.Release|iPhone.Build.0 = Release|iPhone
		{88D6709B-A960-4C8B-BFF0-96E29A0C97E6}.Release|iPhone.Deploy.0 = Release|iPhone
		{88D6709B-A960-4C8B-BFF0-96E29A0C97E6}.Release|iPhoneSimulator.ActiveCfg = Release|iPhoneSimulator
		{88D6709B-A960-4C8B-BFF0-96E29A0C97E6}.Release|iPhoneSimulator.Build.0 = Release|iPhoneSimulator
		{88D6709B-A960-4C8B-BFF0-96E29A0C97E6}.Release|iPhoneSimulator.Deploy.0 = Release|iPhoneSimulator
	EndGlobalSection
EndGlobal
